{
  "version": 4,
  "terraform_version": "1.10.2",
  "serial": 48,
  "lineage": "4817b21f-f999-5457-021b-8a4f424ecb99",
  "outputs": {},
  "resources": [
    {
      "mode": "managed",
      "type": "local_file",
      "name": "tf_example1",
      "provider": "provider[\"registry.terraform.io/hashicorp/local\"]",
      "instances": [
        {
          "index_key": 0,
          "schema_version": 0,
          "attributes": {
            "content": "Example1 file content",
            "content_base64": null,
            "content_base64sha256": "r3uMSiZpuR1VK2z+urfMP1bSb2EHq5c/c/f6Acdwf0o=",
            "content_base64sha512": "yAdyDmSVaJT9XFaf9gkzaHn5Qk8NEu/lrQ5QFjI5QT1p7P0fFA6E7qwlFeOUUBOjiFFZpxo3ToEpegiR4fzCTg==",
            "content_md5": "a3920bb1a142713fcca160ccc5a2bb06",
            "content_sha1": "8969f6cc00a23e084c0ab4a6b0067744166e6a9e",
            "content_sha256": "af7b8c4a2669b91d552b6cfebab7cc3f56d26f6107ab973f73f7fa01c7707f4a",
            "content_sha512": "c807720e64956894fd5c569ff609336879f9424f0d12efe5ad0e50163239413d69ecfd1f140e84eeac2515e3945013a3885159a71a374e81297a0891e1fcc24e",
            "directory_permission": "0777",
            "file_permission": "0777",
            "filename": "./tf_file10.txt",
            "id": "8969f6cc00a23e084c0ab4a6b0067744166e6a9e",
            "sensitive_content": null,
            "source": null
          },
          "sensitive_attributes": [
            [
              {
                "type": "get_attr",
                "value": "sensitive_content"
              }
            ]
          ]
        },
        {
          "index_key": 1,
          "schema_version": 0,
          "attributes": {
            "content": "Example1 file content",
            "content_base64": null,
            "content_base64sha256": "r3uMSiZpuR1VK2z+urfMP1bSb2EHq5c/c/f6Acdwf0o=",
            "content_base64sha512": "yAdyDmSVaJT9XFaf9gkzaHn5Qk8NEu/lrQ5QFjI5QT1p7P0fFA6E7qwlFeOUUBOjiFFZpxo3ToEpegiR4fzCTg==",
            "content_md5": "a3920bb1a142713fcca160ccc5a2bb06",
            "content_sha1": "8969f6cc00a23e084c0ab4a6b0067744166e6a9e",
            "content_sha256": "af7b8c4a2669b91d552b6cfebab7cc3f56d26f6107ab973f73f7fa01c7707f4a",
            "content_sha512": "c807720e64956894fd5c569ff609336879f9424f0d12efe5ad0e50163239413d69ecfd1f140e84eeac2515e3945013a3885159a71a374e81297a0891e1fcc24e",
            "directory_permission": "0777",
            "file_permission": "0777",
            "filename": "./tf_file11.txt",
            "id": "8969f6cc00a23e084c0ab4a6b0067744166e6a9e",
            "sensitive_content": null,
            "source": null
          },
          "sensitive_attributes": [
            [
              {
                "type": "get_attr",
                "value": "sensitive_content"
              }
            ]
          ]
        },
        {
          "index_key": 2,
          "schema_version": 0,
          "attributes": {
            "content": "Example1 file content",
            "content_base64": null,
            "content_base64sha256": "r3uMSiZpuR1VK2z+urfMP1bSb2EHq5c/c/f6Acdwf0o=",
            "content_base64sha512": "yAdyDmSVaJT9XFaf9gkzaHn5Qk8NEu/lrQ5QFjI5QT1p7P0fFA6E7qwlFeOUUBOjiFFZpxo3ToEpegiR4fzCTg==",
            "content_md5": "a3920bb1a142713fcca160ccc5a2bb06",
            "content_sha1": "8969f6cc00a23e084c0ab4a6b0067744166e6a9e",
            "content_sha256": "af7b8c4a2669b91d552b6cfebab7cc3f56d26f6107ab973f73f7fa01c7707f4a",
            "content_sha512": "c807720e64956894fd5c569ff609336879f9424f0d12efe5ad0e50163239413d69ecfd1f140e84eeac2515e3945013a3885159a71a374e81297a0891e1fcc24e",
            "directory_permission": "0777",
            "file_permission": "0777",
            "filename": "./tf_file12.txt",
            "id": "8969f6cc00a23e084c0ab4a6b0067744166e6a9e",
            "sensitive_content": null,
            "source": null
          },
          "sensitive_attributes": [
            [
              {
                "type": "get_attr",
                "value": "sensitive_content"
              }
            ]
          ]
        }
      ]
    },
    {
      "mode": "managed",
      "type": "local_file",
      "name": "tf_example2",
      "provider": "provider[\"registry.terraform.io/hashicorp/local\"]",
      "instances": [
        {
          "index_key": 0,
          "schema_version": 0,
          "attributes": {
            "content": "Example2 file content",
            "content_base64": null,
            "content_base64sha256": "KJZ9sRNw7/biFuygtkDShXocgSnsZLbwbKcAgA9Xfhw=",
            "content_base64sha512": "OGfkCr0se1TItXK0nNw+YRepN4UZ8WJQkaq7K9a5vJC1xUL7/Dryorux2ZqfrGuSoc/NR5GNg0l+3b0R8J2Eug==",
            "content_md5": "131074f9e8d2118bd7135b0857ce0660",
            "content_sha1": "dd6d5c33cf76e2581cc84bbec8dd8972d7ad53fa",
            "content_sha256": "28967db11370eff6e216eca0b640d2857a1c8129ec64b6f06ca700800f577e1c",
            "content_sha512": "3867e40abd2c7b54c8b572b49cdc3e6117a9378519f1625091aabb2bd6b9bc90b5c542fbfc3af2a2bbb1d99a9fac6b92a1cfcd47918d83497eddbd11f09d84ba",
            "directory_permission": "0777",
            "file_permission": "0777",
            "filename": "./tf_file20.txt",
            "id": "dd6d5c33cf76e2581cc84bbec8dd8972d7ad53fa",
            "sensitive_content": null,
            "source": null
          },
          "sensitive_attributes": [
            [
              {
                "type": "get_attr",
                "value": "sensitive_content"
              }
            ]
          ]
        },
        {
          "index_key": 1,
          "schema_version": 0,
          "attributes": {
            "content": "Example2 file content",
            "content_base64": null,
            "content_base64sha256": "KJZ9sRNw7/biFuygtkDShXocgSnsZLbwbKcAgA9Xfhw=",
            "content_base64sha512": "OGfkCr0se1TItXK0nNw+YRepN4UZ8WJQkaq7K9a5vJC1xUL7/Dryorux2ZqfrGuSoc/NR5GNg0l+3b0R8J2Eug==",
            "content_md5": "131074f9e8d2118bd7135b0857ce0660",
            "content_sha1": "dd6d5c33cf76e2581cc84bbec8dd8972d7ad53fa",
            "content_sha256": "28967db11370eff6e216eca0b640d2857a1c8129ec64b6f06ca700800f577e1c",
            "content_sha512": "3867e40abd2c7b54c8b572b49cdc3e6117a9378519f1625091aabb2bd6b9bc90b5c542fbfc3af2a2bbb1d99a9fac6b92a1cfcd47918d83497eddbd11f09d84ba",
            "directory_permission": "0777",
            "file_permission": "0777",
            "filename": "./tf_file21.txt",
            "id": "dd6d5c33cf76e2581cc84bbec8dd8972d7ad53fa",
            "sensitive_content": null,
            "source": null
          },
          "sensitive_attributes": [
            [
              {
                "type": "get_attr",
                "value": "sensitive_content"
              }
            ]
          ]
        }
      ]
    }
  ],
  "check_results": null
}
